internal class Program
{
 
   
        public static void Main(string[] args)
        {
        Console.WriteLine("Cartela:");
        Random numdacasa = new Random();
        int lol = numdacasa.Next(1, 76);

            for (int l = 1; l <= 8; ++l)
            {
                for (int c = 1; c <= 6; c++)
                {
                    Console.Write($" [{numdacasa.Next(1, 76)}] "); 
                }
                Console.WriteLine("");
            }


        Console.WriteLine("O numero sorteado foi:" + lol);



    }

}
